
Microsoft Visual Studio Solution File, Format Version 12.00
# Visual Studio 2012
Project("{FAE04EC0-301F-11D3-BF4B-00C04F79EFBC}") = "ScreenMate", "ScreenMate.csproj", "{B9959561-9038-4D86-99D0-0CAC2C6A6EAA}"
EndProject
Global
	GlobalSection(SolutionConfigurationPlatforms) = preSolution
		Debug|x86 = Debug|x86
		Release|x86 = Release|x86
	EndGlobalSection
	GlobalSection(ProjectConfigurationPlatforms) = postSolution
		{B9959561-9038-4D86-99D0-0CAC2C6A6EAA}.Debug|x86.ActiveCfg = Debug|x86
		{B9959561-9038-4D86-99D0-0CAC2C6A6EAA}.Debug|x86.Build.0 = Debug|x86
		{B9959561-9038-4D86-99D0-0CAC2C6A6EAA}.Release|x86.ActiveCfg = Release|x86
		{B9959561-9038-4D86-99D0-0CAC2C6A6EAA}.Release|x86.Build.0 = Release|x86
	EndGlobalSection
	GlobalSection(MonoDevelopProperties) = preSolution
		StartupItem = ScreenMate.csproj
	EndGlobalSection
EndGlobal
